
Microsoft Visual Studio Solution File, Format Version 10.00
# Visual Studio 2008
Project("{FAE04EC0-301F-11D3-BF4B-00C04F79EFBC}") = "MonoHelloWorld", "MonoHelloWorld.csproj", "{5C451917-6B4F-4D86-BFA5-495D03317FF2}"
EndProject
Global
	GlobalSection(SolutionConfigurationPlatforms) = preSolution
		Debug|iPhoneSimulator = Debug|iPhoneSimulator
		Release|iPhoneSimulator = Release|iPhoneSimulator
		Debug|iPhone = Debug|iPhone
		Release|iPhone = Release|iPhone
	EndGlobalSection
	GlobalSection(ProjectConfigurationPlatforms) = postSolution
		{5C451917-6B4F-4D86-BFA5-495D03317FF2}.Debug|iPhone.ActiveCfg = Debug|iPhone
		{5C451917-6B4F-4D86-BFA5-495D03317FF2}.Debug|iPhone.Build.0 = Debug|iPhone
		{5C451917-6B4F-4D86-BFA5-495D03317FF2}.Debug|iPhoneSimulator.ActiveCfg = Debug|iPhoneSimulator
		{5C451917-6B4F-4D86-BFA5-495D03317FF2}.Debug|iPhoneSimulator.Build.0 = Debug|iPhoneSimulator
		{5C451917-6B4F-4D86-BFA5-495D03317FF2}.Release|iPhone.ActiveCfg = Release|iPhone
		{5C451917-6B4F-4D86-BFA5-495D03317FF2}.Release|iPhone.Build.0 = Release|iPhone
		{5C451917-6B4F-4D86-BFA5-495D03317FF2}.Release|iPhoneSimulator.ActiveCfg = Release|iPhoneSimulator
		{5C451917-6B4F-4D86-BFA5-495D03317FF2}.Release|iPhoneSimulator.Build.0 = Release|iPhoneSimulator
	EndGlobalSection
	GlobalSection(MonoDevelopProperties) = preSolution
		StartupItem = MonoHelloWorld.csproj
	EndGlobalSection
EndGlobal
