
Microsoft Visual Studio Solution File, Format Version 10.00
# Visual Studio 2008
Project("{FAE04EC0-301F-11D3-BF4B-00C04F79EFBC}") = "MonoHelloWorld", "MonoHelloWorld\MonoHelloWorld.csproj", "{479BA2EB-7B3D-4691-8031-51C8D56D54B9}"
EndProject
Global
	GlobalSection(SolutionConfigurationPlatforms) = preSolution
		Debug|iPhoneSimulator = Debug|iPhoneSimulator
		Release|iPhoneSimulator = Release|iPhoneSimulator
		Debug|iPhone = Debug|iPhone
		Release|iPhone = Release|iPhone
	EndGlobalSection
	GlobalSection(ProjectConfigurationPlatforms) = postSolution
		{479BA2EB-7B3D-4691-8031-51C8D56D54B9}.Debug|iPhone.ActiveCfg = Debug|iPhone
		{479BA2EB-7B3D-4691-8031-51C8D56D54B9}.Debug|iPhone.Build.0 = Debug|iPhone
		{479BA2EB-7B3D-4691-8031-51C8D56D54B9}.Debug|iPhoneSimulator.ActiveCfg = Debug|iPhoneSimulator
		{479BA2EB-7B3D-4691-8031-51C8D56D54B9}.Debug|iPhoneSimulator.Build.0 = Debug|iPhoneSimulator
		{479BA2EB-7B3D-4691-8031-51C8D56D54B9}.Release|iPhone.ActiveCfg = Release|iPhone
		{479BA2EB-7B3D-4691-8031-51C8D56D54B9}.Release|iPhone.Build.0 = Release|iPhone
		{479BA2EB-7B3D-4691-8031-51C8D56D54B9}.Release|iPhoneSimulator.ActiveCfg = Release|iPhoneSimulator
		{479BA2EB-7B3D-4691-8031-51C8D56D54B9}.Release|iPhoneSimulator.Build.0 = Release|iPhoneSimulator
	EndGlobalSection
	GlobalSection(MonoDevelopProperties) = preSolution
		StartupItem = MonoHelloWorld\MonoHelloWorld.csproj
	EndGlobalSection
EndGlobal
